
Microsoft Visual Studio Solution File, Format Version 12.00
# Visual Studio Version 17
VisualStudioVersion = 17.5.33502.453
MinimumVisualStudioVersion = 10.0.40219.1
Project("{9A19103F-16F7-4668-BE54-9A1E7A4F7556}") = "Payroll.API", "Payroll.API\Payroll.API.csproj", "{194C230A-252F-4330-9102-47563882FC2C}"
EndProject
Project("{9A19103F-16F7-4668-BE54-9A1E7A4F7556}") = "PayrollExercise.Models", "Payroll.Models\PayrollExercise.Models.csproj", "{BC2CDB45-0D64-41F1-8242-1F574A345AC4}"
EndProject
Project("{9A19103F-16F7-4668-BE54-9A1E7A4F7556}") = "PayrollExercise.Infrastructure", "Payroll.Infrastructure\PayrollExercise.Infrastructure.csproj", "{4B1E9C4D-5CBA-4ACC-81AD-E0FB7DA1EFD5}"
EndProject
Project("{9A19103F-16F7-4668-BE54-9A1E7A4F7556}") = "PayrollExercise.Services.Payroll", "PayrollExercise.Services.Payroll\PayrollExercise.Services.Payroll.csproj", "{0DB541E9-5926-43A3-95BA-6161443B8460}"
EndProject
Project("{9A19103F-16F7-4668-BE54-9A1E7A4F7556}") = "PayrollExercise.Models.UnitTests", "PayrollExercise.Models.UnitTests\PayrollExercise.Models.UnitTests.csproj", "{3376F88E-B758-4FF5-A363-4A791B06DA5A}"
EndProject
Project("{2150E333-8FDC-42A3-9474-1A3956D46DE8}") = "API", "API", "{B1EC962C-85F4-488D-B3F1-5BB13D45E286}"
EndProject
Project("{2150E333-8FDC-42A3-9474-1A3956D46DE8}") = "Infrastructure", "Infrastructure", "{CF8850DD-CF8A-496E-B362-5320FCFC01C8}"
EndProject
Project("{2150E333-8FDC-42A3-9474-1A3956D46DE8}") = "Models", "Models", "{AA885E51-EA95-4766-9D69-E1E6C52BBB0A}"
EndProject
Project("{2150E333-8FDC-42A3-9474-1A3956D46DE8}") = "Services", "Services", "{53F3EEB3-3D28-4656-97D2-C66A757FA5DE}"
EndProject
Project("{2150E333-8FDC-42A3-9474-1A3956D46DE8}") = "Payroll", "Payroll", "{9FCB2B31-09D3-4513-BB79-CA57D7113305}"
EndProject
Project("{FAE04EC0-301F-11D3-BF4B-00C04F79EFBC}") = "PayrollExercise.Services.Payroll.Tests", "PayrollExercise.Services.Payroll.Tests\PayrollExercise.Services.Payroll.Tests.csproj", "{7BFA67A9-8D18-48B4-B3E4-B62EFB1729EB}"
EndProject
Global
	GlobalSection(SolutionConfigurationPlatforms) = preSolution
		Debug|Any CPU = Debug|Any CPU
		Release|Any CPU = Release|Any CPU
	EndGlobalSection
	GlobalSection(ProjectConfigurationPlatforms) = postSolution
		{194C230A-252F-4330-9102-47563882FC2C}.Debug|Any CPU.ActiveCfg = Debug|Any CPU
		{194C230A-252F-4330-9102-47563882FC2C}.Debug|Any CPU.Build.0 = Debug|Any CPU
		{194C230A-252F-4330-9102-47563882FC2C}.Release|Any CPU.ActiveCfg = Release|Any CPU
		{194C230A-252F-4330-9102-47563882FC2C}.Release|Any CPU.Build.0 = Release|Any CPU
		{BC2CDB45-0D64-41F1-8242-1F574A345AC4}.Debug|Any CPU.ActiveCfg = Debug|Any CPU
		{BC2CDB45-0D64-41F1-8242-1F574A345AC4}.Debug|Any CPU.Build.0 = Debug|Any CPU
		{BC2CDB45-0D64-41F1-8242-1F574A345AC4}.Release|Any CPU.ActiveCfg = Release|Any CPU
		{BC2CDB45-0D64-41F1-8242-1F574A345AC4}.Release|Any CPU.Build.0 = Release|Any CPU
		{4B1E9C4D-5CBA-4ACC-81AD-E0FB7DA1EFD5}.Debug|Any CPU.ActiveCfg = Debug|Any CPU
		{4B1E9C4D-5CBA-4ACC-81AD-E0FB7DA1EFD5}.Debug|Any CPU.Build.0 = Debug|Any CPU
		{4B1E9C4D-5CBA-4ACC-81AD-E0FB7DA1EFD5}.Release|Any CPU.ActiveCfg = Release|Any CPU
		{4B1E9C4D-5CBA-4ACC-81AD-E0FB7DA1EFD5}.Release|Any CPU.Build.0 = Release|Any CPU
		{0DB541E9-5926-43A3-95BA-6161443B8460}.Debug|Any CPU.ActiveCfg = Debug|Any CPU
		{0DB541E9-5926-43A3-95BA-6161443B8460}.Debug|Any CPU.Build.0 = Debug|Any CPU
		{0DB541E9-5926-43A3-95BA-6161443B8460}.Release|Any CPU.ActiveCfg = Release|Any CPU
		{0DB541E9-5926-43A3-95BA-6161443B8460}.Release|Any CPU.Build.0 = Release|Any CPU
		{3376F88E-B758-4FF5-A363-4A791B06DA5A}.Debug|Any CPU.ActiveCfg = Debug|Any CPU
		{3376F88E-B758-4FF5-A363-4A791B06DA5A}.Debug|Any CPU.Build.0 = Debug|Any CPU
		{3376F88E-B758-4FF5-A363-4A791B06DA5A}.Release|Any CPU.ActiveCfg = Release|Any CPU
		{3376F88E-B758-4FF5-A363-4A791B06DA5A}.Release|Any CPU.Build.0 = Release|Any CPU
		{7BFA67A9-8D18-48B4-B3E4-B62EFB1729EB}.Debug|Any CPU.ActiveCfg = Debug|Any CPU
		{7BFA67A9-8D18-48B4-B3E4-B62EFB1729EB}.Debug|Any CPU.Build.0 = Debug|Any CPU
		{7BFA67A9-8D18-48B4-B3E4-B62EFB1729EB}.Release|Any CPU.ActiveCfg = Release|Any CPU
		{7BFA67A9-8D18-48B4-B3E4-B62EFB1729EB}.Release|Any CPU.Build.0 = Release|Any CPU
	EndGlobalSection
	GlobalSection(SolutionProperties) = preSolution
		HideSolutionNode = FALSE
	EndGlobalSection
	GlobalSection(NestedProjects) = preSolution
		{194C230A-252F-4330-9102-47563882FC2C} = {B1EC962C-85F4-488D-B3F1-5BB13D45E286}
		{BC2CDB45-0D64-41F1-8242-1F574A345AC4} = {AA885E51-EA95-4766-9D69-E1E6C52BBB0A}
		{4B1E9C4D-5CBA-4ACC-81AD-E0FB7DA1EFD5} = {CF8850DD-CF8A-496E-B362-5320FCFC01C8}
		{0DB541E9-5926-43A3-95BA-6161443B8460} = {9FCB2B31-09D3-4513-BB79-CA57D7113305}
		{3376F88E-B758-4FF5-A363-4A791B06DA5A} = {AA885E51-EA95-4766-9D69-E1E6C52BBB0A}
		{9FCB2B31-09D3-4513-BB79-CA57D7113305} = {53F3EEB3-3D28-4656-97D2-C66A757FA5DE}
		{7BFA67A9-8D18-48B4-B3E4-B62EFB1729EB} = {9FCB2B31-09D3-4513-BB79-CA57D7113305}
	EndGlobalSection
	GlobalSection(ExtensibilityGlobals) = postSolution
		SolutionGuid = {4EF52B37-8930-474D-B76E-B7FDD6C66F22}
	EndGlobalSection
EndGlobal
